{
  "name": "@v4fire/core",
  "version": "1.0.0",
  "lockfileVersion": 1,
  "requires": true,
  "dependencies": {
    "collection.js": {
      "version": "6.0.0-beta.19",
      "resolved": "https://registry.npmjs.org/collection.js/-/collection.js-6.0.0-beta.19.tgz",
      "integrity": "sha512-PPFVl87pq9W6oAuirz41qIGDzw3R7ts9EfczRB+vmcXU97/Lh+88yjoBtkJLKzC7coBFzpE3rNo9MF3hiv31Gw=="
    },
    "sugar": {
      "version": "2.0.4",
      "resolved": "https://registry.npmjs.org/sugar/-/sugar-2.0.4.tgz",
      "integrity": "sha1-eab6TavFh/uFWlLucXbdBCv3V7A=",
      "requires": {
        "sugar-core": "2.0.4"
      }
    },
    "sugar-core": {
      "version": "2.0.4",
      "resolved": "https://registry.npmjs.org/sugar-core/-/sugar-core-2.0.4.tgz",
      "integrity": "sha1-nbBzDmxH630oGEp5xKsYsreUbKA="
    }
  }
}
